// !$*UTF8*$!
{
	archiveVersion = 1;
	classes = {
	};
	objectVersion = 54;
	objects = {

/* Begin PBXBuildFile section */
		9285F66E26D62EEF00BC30DC /* TableHeaderView.xib in Resources */ = {isa = PBXBuildFile; fileRef = 9285F66C26D62EEF00BC30DC /* TableHeaderView.xib */; };
		9285F66F26D62EEF00BC30DC /* TableHeaderView.swift in Sources */ = {isa = PBXBuildFile; fileRef = 9285F66D26D62EEF00BC30DC /* TableHeaderView.swift */; };
		9285F67126D62F5000BC30DC /* PropertyCell.swift in Sources */ = {isa = PBXBuildFile; fileRef = 9285F67026D62F5000BC30DC /* PropertyCell.swift */; };
		C0C04CCA26D015D900182C45 /* AppDelegate.swift in Sources */ = {isa = PBXBuildFile; fileRef = C0C04CC926D015D900182C45 /* AppDelegate.swift */; };
		C0C04CCC26D015D900182C45 /* SceneDelegate.swift in Sources */ = {isa = PBXBuildFile; fileRef = C0C04CCB26D015D900182C45 /* SceneDelegate.swift */; };
		C0C04CCE26D015D900182C45 /* ViewController.swift in Sources */ = {isa = PBXBuildFile; fileRef = C0C04CCD26D015D900182C45 /* ViewController.swift */; };
		C0C04CD126D015D900182C45 /* Main.storyboard in Resources */ = {isa = PBXBuildFile; fileRef = C0C04CCF26D015D900182C45 /* Main.storyboard */; };
		C0C04CD326D015DA00182C45 /* Assets.xcassets in Resources */ = {isa = PBXBuildFile; fileRef = C0C04CD226D015DA00182C45 /* Assets.xcassets */; };
		C0C04CD626D015DA00182C45 /* LaunchScreen.storyboard in Resources */ = {isa = PBXBuildFile; fileRef = C0C04CD426D015DA00182C45 /* LaunchScreen.storyboard */; };
		DD36C4412A304EF9008BA007 /* IoTConnect_2_0.framework in Frameworks */ = {isa = PBXBuildFile; fileRef = DD36C4402A304EF9008BA007 /* IoTConnect_2_0.framework */; };
		DD5B602D2A936EB80018BB1C /* iOSDropDown.swift in Sources */ = {isa = PBXBuildFile; fileRef = DD5B602C2A936EB80018BB1C /* iOSDropDown.swift */; };
		DD7E84A12A9340180031A231 /* ChildOperationVC.swift in Sources */ = {isa = PBXBuildFile; fileRef = DD7E84A02A9340180031A231 /* ChildOperationVC.swift */; };
		DD989A1A2AB18FFF00FD70DD /* DeviceCertificate.pfx in Resources */ = {isa = PBXBuildFile; fileRef = DD989A192AB18FFF00FD70DD /* DeviceCertificate.pfx */; };
		DD989A1C2AB193CF00FD70DD /* client.p12 in Resources */ = {isa = PBXBuildFile; fileRef = DD989A1B2AB193CF00FD70DD /* client.p12 */; };
		DDA1BAF02A41810F00DBA886 /* Attributes.swift in Sources */ = {isa = PBXBuildFile; fileRef = DDA1BAEF2A41810F00DBA886 /* Attributes.swift */; };
		DDA60A602A2F176300F686BF /* IoTConnect_2_0.framework in Embed Frameworks */ = {isa = PBXBuildFile; fileRef = DDA60A5E2A2F176300F686BF /* IoTConnect_2_0.framework */; settings = {ATTRIBUTES = (CodeSignOnCopy, RemoveHeadersOnCopy, ); }; };
		DDB3EBCE2AD55BFF004B57C6 /* clientAWS.p12 in Resources */ = {isa = PBXBuildFile; fileRef = DDB3EBCD2AD55BFF004B57C6 /* clientAWS.p12 */; };
		DDBB4AA72A40891C00783F26 /* IQKeyboardManagerSwift in Frameworks */ = {isa = PBXBuildFile; productRef = DDBB4AA62A40891C00783F26 /* IQKeyboardManagerSwift */; };
		DDC0C2972A38958A001793C5 /* RadioButtonController.swift in Sources */ = {isa = PBXBuildFile; fileRef = DDC0C2962A38958A001793C5 /* RadioButtonController.swift */; };
		DDD1BEF72A52F50800B00F52 /* Identity.swift in Sources */ = {isa = PBXBuildFile; fileRef = DDD1BEF62A52F50800B00F52 /* Identity.swift */; };
		DDFA34642A3C297400232B5C /* Enums.swift in Sources */ = {isa = PBXBuildFile; fileRef = DDFA34632A3C297400232B5C /* Enums.swift */; };
/* End PBXBuildFile section */

/* Begin PBXCopyFilesBuildPhase section */
		C0C04CE326D015FF00182C45 /* Embed Frameworks */ = {
			isa = PBXCopyFilesBuildPhase;
			buildActionMask = 2147483647;
			dstPath = "";
			dstSubfolderSpec = 10;
			files = (
				DDA60A602A2F176300F686BF /* IoTConnect_2_0.framework in Embed Frameworks */,
			);
			name = "Embed Frameworks";
			runOnlyForDeploymentPostprocessing = 0;
		};
/* End PBXCopyFilesBuildPhase section */

/* Begin PBXFileReference section */
		9285F66C26D62EEF00BC30DC /* TableHeaderView.xib */ = {isa = PBXFileReference; fileEncoding = 4; lastKnownFileType = file.xib; path = TableHeaderView.xib; sourceTree = "<group>"; };
		9285F66D26D62EEF00BC30DC /* TableHeaderView.swift */ = {isa = PBXFileReference; fileEncoding = 4; lastKnownFileType = sourcecode.swift; path = TableHeaderView.swift; sourceTree = "<group>"; };
		9285F67026D62F5000BC30DC /* PropertyCell.swift */ = {isa = PBXFileReference; fileEncoding = 4; lastKnownFileType = sourcecode.swift; path = PropertyCell.swift; sourceTree = "<group>"; };
		C0C04CC626D015D900182C45 /* IoTConnectDemo.app */ = {isa = PBXFileReference; explicitFileType = wrapper.application; includeInIndex = 0; path = IoTConnectDemo.app; sourceTree = BUILT_PRODUCTS_DIR; };
		C0C04CC926D015D900182C45 /* AppDelegate.swift */ = {isa = PBXFileReference; lastKnownFileType = sourcecode.swift; path = AppDelegate.swift; sourceTree = "<group>"; };
		C0C04CCB26D015D900182C45 /* SceneDelegate.swift */ = {isa = PBXFileReference; lastKnownFileType = sourcecode.swift; path = SceneDelegate.swift; sourceTree = "<group>"; };
		C0C04CCD26D015D900182C45 /* ViewController.swift */ = {isa = PBXFileReference; lastKnownFileType = sourcecode.swift; path = ViewController.swift; sourceTree = "<group>"; };
		C0C04CD026D015D900182C45 /* Base */ = {isa = PBXFileReference; lastKnownFileType = file.storyboard; name = Base; path = Base.lproj/Main.storyboard; sourceTree = "<group>"; };
		C0C04CD226D015DA00182C45 /* Assets.xcassets */ = {isa = PBXFileReference; lastKnownFileType = folder.assetcatalog; path = Assets.xcassets; sourceTree = "<group>"; };
		C0C04CD526D015DA00182C45 /* Base */ = {isa = PBXFileReference; lastKnownFileType = file.storyboard; name = Base; path = Base.lproj/LaunchScreen.storyboard; sourceTree = "<group>"; };
		C0C04CD726D015DA00182C45 /* Info.plist */ = {isa = PBXFileReference; lastKnownFileType = text.plist.xml; path = Info.plist; sourceTree = "<group>"; };
		DD36C4402A304EF9008BA007 /* IoTConnect_2_0.framework */ = {isa = PBXFileReference; explicitFileType = wrapper.framework; path = IoTConnect_2_0.framework; sourceTree = BUILT_PRODUCTS_DIR; };
		DD5B602C2A936EB80018BB1C /* iOSDropDown.swift */ = {isa = PBXFileReference; fileEncoding = 4; lastKnownFileType = sourcecode.swift; path = iOSDropDown.swift; sourceTree = "<group>"; };
		DD7E84A02A9340180031A231 /* ChildOperationVC.swift */ = {isa = PBXFileReference; lastKnownFileType = sourcecode.swift; path = ChildOperationVC.swift; sourceTree = "<group>"; };
		DD989A192AB18FFF00FD70DD /* DeviceCertificate.pfx */ = {isa = PBXFileReference; lastKnownFileType = file; path = DeviceCertificate.pfx; sourceTree = "<group>"; };
		DD989A1B2AB193CF00FD70DD /* client.p12 */ = {isa = PBXFileReference; lastKnownFileType = file; path = client.p12; sourceTree = "<group>"; };
		DDA1BAEF2A41810F00DBA886 /* Attributes.swift */ = {isa = PBXFileReference; lastKnownFileType = sourcecode.swift; path = Attributes.swift; sourceTree = "<group>"; };
		DDA60A5E2A2F176300F686BF /* IoTConnect_2_0.framework */ = {isa = PBXFileReference; explicitFileType = wrapper.framework; path = IoTConnect_2_0.framework; sourceTree = BUILT_PRODUCTS_DIR; };
		DDB3EBCD2AD55BFF004B57C6 /* clientAWS.p12 */ = {isa = PBXFileReference; lastKnownFileType = file; path = clientAWS.p12; sourceTree = "<group>"; };
		DDC0C2962A38958A001793C5 /* RadioButtonController.swift */ = {isa = PBXFileReference; lastKnownFileType = sourcecode.swift; path = RadioButtonController.swift; sourceTree = "<group>"; };
		DDD1BEF62A52F50800B00F52 /* Identity.swift */ = {isa = PBXFileReference; lastKnownFileType = sourcecode.swift; path = Identity.swift; sourceTree = "<group>"; };
		DDFA34632A3C297400232B5C /* Enums.swift */ = {isa = PBXFileReference; lastKnownFileType = sourcecode.swift; path = Enums.swift; sourceTree = "<group>"; };
/* End PBXFileReference section */

/* Begin PBXFrameworksBuildPhase section */
		C0C04CC326D015D900182C45 /* Frameworks */ = {
			isa = PBXFrameworksBuildPhase;
			buildActionMask = 2147483647;
			files = (
				DD36C4412A304EF9008BA007 /* IoTConnect_2_0.framework in Frameworks */,
				DDBB4AA72A40891C00783F26 /* IQKeyboardManagerSwift in Frameworks */,
			);
			runOnlyForDeploymentPostprocessing = 0;
		};
/* End PBXFrameworksBuildPhase section */

/* Begin PBXGroup section */
		9285F66B26D62EEF00BC30DC /* TableHeaderView */ = {
			isa = PBXGroup;
			children = (
				9285F66C26D62EEF00BC30DC /* TableHeaderView.xib */,
				9285F66D26D62EEF00BC30DC /* TableHeaderView.swift */,
			);
			path = TableHeaderView;
			sourceTree = "<group>";
		};
		C0C04CBD26D015D900182C45 = {
			isa = PBXGroup;
			children = (
				C0C04CC826D015D900182C45 /* IoTConnectDemo */,
				C0C04CC726D015D900182C45 /* Products */,
				C0C04CDF26D015FF00182C45 /* Frameworks */,
			);
			sourceTree = "<group>";
		};
		C0C04CC726D015D900182C45 /* Products */ = {
			isa = PBXGroup;
			children = (
				C0C04CC626D015D900182C45 /* IoTConnectDemo.app */,
			);
			name = Products;
			sourceTree = "<group>";
		};
		C0C04CC826D015D900182C45 /* IoTConnectDemo */ = {
			isa = PBXGroup;
			children = (
				DD7E849F2A933FEE0031A231 /* ViewController */,
				DD7E84892A933E540031A231 /* Framework */,
				DD2F10232A8DF44F008B15C1 /* View */,
				DDA1BAEE2A4180FB00DBA886 /* Models */,
				DDC0C2962A38958A001793C5 /* RadioButtonController.swift */,
				C0C04CC926D015D900182C45 /* AppDelegate.swift */,
				C0C04CCB26D015D900182C45 /* SceneDelegate.swift */,
				C0C04CCF26D015D900182C45 /* Main.storyboard */,
				C0C04CD226D015DA00182C45 /* Assets.xcassets */,
				C0C04CD426D015DA00182C45 /* LaunchScreen.storyboard */,
				C0C04CD726D015DA00182C45 /* Info.plist */,
				DDFA34632A3C297400232B5C /* Enums.swift */,
				DDB3EBCD2AD55BFF004B57C6 /* clientAWS.p12 */,
				DD989A1B2AB193CF00FD70DD /* client.p12 */,
				DD989A192AB18FFF00FD70DD /* DeviceCertificate.pfx */,
			);
			path = IoTConnectDemo;
			sourceTree = "<group>";
		};
		C0C04CDF26D015FF00182C45 /* Frameworks */ = {
			isa = PBXGroup;
			children = (
				DD36C4402A304EF9008BA007 /* IoTConnect_2_0.framework */,
				DDA60A5E2A2F176300F686BF /* IoTConnect_2_0.framework */,
			);
			name = Frameworks;
			sourceTree = "<group>";
		};
		DD2F10232A8DF44F008B15C1 /* View */ = {
			isa = PBXGroup;
			children = (
				9285F67026D62F5000BC30DC /* PropertyCell.swift */,
				9285F66B26D62EEF00BC30DC /* TableHeaderView */,
			);
			path = View;
			sourceTree = "<group>";
		};
		DD7E84892A933E540031A231 /* Framework */ = {
			isa = PBXGroup;
			children = (
				DD5B602C2A936EB80018BB1C /* iOSDropDown.swift */,
			);
			path = Framework;
			sourceTree = "<group>";
		};
		DD7E849F2A933FEE0031A231 /* ViewController */ = {
			isa = PBXGroup;
			children = (
				C0C04CCD26D015D900182C45 /* ViewController.swift */,
				DD7E84A02A9340180031A231 /* ChildOperationVC.swift */,
			);
			path = ViewController;
			sourceTree = "<group>";
		};
		DDA1BAEE2A4180FB00DBA886 /* Models */ = {
			isa = PBXGroup;
			children = (
				DDA1BAEF2A41810F00DBA886 /* Attributes.swift */,
				DDD1BEF62A52F50800B00F52 /* Identity.swift */,
			);
			path = Models;
			sourceTree = "<group>";
		};
/* End PBXGroup section */

/* Begin PBXNativeTarget section */
		C0C04CC526D015D900182C45 /* IoTConnectDemo */ = {
			isa = PBXNativeTarget;
			buildConfigurationList = C0C04CDA26D015DA00182C45 /* Build configuration list for PBXNativeTarget "IoTConnectDemo" */;
			buildPhases = (
				C0C04CC226D015D900182C45 /* Sources */,
				C0C04CC326D015D900182C45 /* Frameworks */,
				C0C04CC426D015D900182C45 /* Resources */,
				C0C04CE326D015FF00182C45 /* Embed Frameworks */,
			);
			buildRules = (
			);
			dependencies = (
			);
			name = IoTConnectDemo;
			packageProductDependencies = (
				DDBB4AA62A40891C00783F26 /* IQKeyboardManagerSwift */,
			);
			productName = IoTConnectDemo;
			productReference = C0C04CC626D015D900182C45 /* IoTConnectDemo.app */;
			productType = "com.apple.product-type.application";
		};
/* End PBXNativeTarget section */

/* Begin PBXProject section */
		C0C04CBE26D015D900182C45 /* Project object */ = {
			isa = PBXProject;
			attributes = {
				LastSwiftUpdateCheck = 1240;
				LastUpgradeCheck = 1240;
				TargetAttributes = {
					C0C04CC526D015D900182C45 = {
						CreatedOnToolsVersion = 12.4;
					};
				};
			};
			buildConfigurationList = C0C04CC126D015D900182C45 /* Build configuration list for PBXProject "IoTConnectDemo" */;
			compatibilityVersion = "Xcode 9.3";
			developmentRegion = en;
			hasScannedForEncodings = 0;
			knownRegions = (
				en,
				Base,
			);
			mainGroup = C0C04CBD26D015D900182C45;
			packageReferences = (
				DDBB4AA52A40891C00783F26 /* XCRemoteSwiftPackageReference "IQKeyboardManager" */,
			);
			productRefGroup = C0C04CC726D015D900182C45 /* Products */;
			projectDirPath = "";
			projectRoot = "";
			targets = (
				C0C04CC526D015D900182C45 /* IoTConnectDemo */,
			);
		};
/* End PBXProject section */

/* Begin PBXResourcesBuildPhase section */
		C0C04CC426D015D900182C45 /* Resources */ = {
			isa = PBXResourcesBuildPhase;
			buildActionMask = 2147483647;
			files = (
				DD989A1C2AB193CF00FD70DD /* client.p12 in Resources */,
				C0C04CD626D015DA00182C45 /* LaunchScreen.storyboard in Resources */,
				C0C04CD326D015DA00182C45 /* Assets.xcassets in Resources */,
				9285F66E26D62EEF00BC30DC /* TableHeaderView.xib in Resources */,
				C0C04CD126D015D900182C45 /* Main.storyboard in Resources */,
				DDB3EBCE2AD55BFF004B57C6 /* clientAWS.p12 in Resources */,
				DD989A1A2AB18FFF00FD70DD /* DeviceCertificate.pfx in Resources */,
			);
			runOnlyForDeploymentPostprocessing = 0;
		};
/* End PBXResourcesBuildPhase section */

/* Begin PBXSourcesBuildPhase section */
		C0C04CC226D015D900182C45 /* Sources */ = {
			isa = PBXSourcesBuildPhase;
			buildActionMask = 2147483647;
			files = (
				9285F67126D62F5000BC30DC /* PropertyCell.swift in Sources */,
				DDD1BEF72A52F50800B00F52 /* Identity.swift in Sources */,
				DD5B602D2A936EB80018BB1C /* iOSDropDown.swift in Sources */,
				9285F66F26D62EEF00BC30DC /* TableHeaderView.swift in Sources */,
				DDA1BAF02A41810F00DBA886 /* Attributes.swift in Sources */,
				C0C04CCE26D015D900182C45 /* ViewController.swift in Sources */,
				C0C04CCA26D015D900182C45 /* AppDelegate.swift in Sources */,
				DDFA34642A3C297400232B5C /* Enums.swift in Sources */,
				C0C04CCC26D015D900182C45 /* SceneDelegate.swift in Sources */,
				DDC0C2972A38958A001793C5 /* RadioButtonController.swift in Sources */,
				DD7E84A12A9340180031A231 /* ChildOperationVC.swift in Sources */,
			);
			runOnlyForDeploymentPostprocessing = 0;
		};
/* End PBXSourcesBuildPhase section */

/* Begin PBXVariantGroup section */
		C0C04CCF26D015D900182C45 /* Main.storyboard */ = {
			isa = PBXVariantGroup;
			children = (
				C0C04CD026D015D900182C45 /* Base */,
			);
			name = Main.storyboard;
			sourceTree = "<group>";
		};
		C0C04CD426D015DA00182C45 /* LaunchScreen.storyboard */ = {
			isa = PBXVariantGroup;
			children = (
				C0C04CD526D015DA00182C45 /* Base */,
			);
			name = LaunchScreen.storyboard;
			sourceTree = "<group>";
		};
/* End PBXVariantGroup section */

/* Begin XCBuildConfiguration section */
		C0C04CD826D015DA00182C45 /* Debug */ = {
			isa = XCBuildConfiguration;
			buildSettings = {
				ALWAYS_SEARCH_USER_PATHS = NO;
				CLANG_ANALYZER_NONNULL = YES;
				CLANG_ANALYZER_NUMBER_OBJECT_CONVERSION = YES_AGGRESSIVE;
				CLANG_CXX_LANGUAGE_STANDARD = "gnu++14";
				CLANG_CXX_LIBRARY = "libc++";
				CLANG_ENABLE_MODULES = YES;
				CLANG_ENABLE_OBJC_ARC = YES;
				CLANG_ENABLE_OBJC_WEAK = YES;
				CLANG_WARN_BLOCK_CAPTURE_AUTORELEASING = YES;
				CLANG_WARN_BOOL_CONVERSION = YES;
				CLANG_WARN_COMMA = YES;
				CLANG_WARN_CONSTANT_CONVERSION = YES;
				CLANG_WARN_DEPRECATED_OBJC_IMPLEMENTATIONS = YES;
				CLANG_WARN_DIRECT_OBJC_ISA_USAGE = YES_ERROR;
				CLANG_WARN_DOCUMENTATION_COMMENTS = YES;
				CLANG_WARN_EMPTY_BODY = YES;
				CLANG_WARN_ENUM_CONVERSION = YES;
				CLANG_WARN_INFINITE_RECURSION = YES;
				CLANG_WARN_INT_CONVERSION = YES;
				CLANG_WARN_NON_LITERAL_NULL_CONVERSION = YES;
				CLANG_WARN_OBJC_IMPLICIT_RETAIN_SELF = YES;
				CLANG_WARN_OBJC_LITERAL_CONVERSION = YES;
				CLANG_WARN_OBJC_ROOT_CLASS = YES_ERROR;
				CLANG_WARN_QUOTED_INCLUDE_IN_FRAMEWORK_HEADER = YES;
				CLANG_WARN_RANGE_LOOP_ANALYSIS = YES;
				CLANG_WARN_STRICT_PROTOTYPES = YES;
				CLANG_WARN_SUSPICIOUS_MOVE = YES;
				CLANG_WARN_UNGUARDED_AVAILABILITY = YES_AGGRESSIVE;
				CLANG_WARN_UNREACHABLE_CODE = YES;
				CLANG_WARN__DUPLICATE_METHOD_MATCH = YES;
				COPY_PHASE_STRIP = NO;
				DEBUG_INFORMATION_FORMAT = dwarf;
				ENABLE_STRICT_OBJC_MSGSEND = YES;
				ENABLE_TESTABILITY = YES;
				GCC_C_LANGUAGE_STANDARD = gnu11;
				GCC_DYNAMIC_NO_PIC = NO;
				GCC_NO_COMMON_BLOCKS = YES;
				GCC_OPTIMIZATION_LEVEL = 0;
				GCC_PREPROCESSOR_DEFINITIONS = (
					"DEBUG=1",
					"$(inherited)",
				);
				GCC_WARN_64_TO_32_BIT_CONVERSION = YES;
				GCC_WARN_ABOUT_RETURN_TYPE = YES_ERROR;
				GCC_WARN_UNDECLARED_SELECTOR = YES;
				GCC_WARN_UNINITIALIZED_AUTOS = YES_AGGRESSIVE;
				GCC_WARN_UNUSED_FUNCTION = YES;
				GCC_WARN_UNUSED_VARIABLE = YES;
				IPHONEOS_DEPLOYMENT_TARGET = 14.4;
				MTL_ENABLE_DEBUG_INFO = INCLUDE_SOURCE;
				MTL_FAST_MATH = YES;
				ONLY_ACTIVE_ARCH = YES;
				SDKROOT = iphoneos;
				SWIFT_ACTIVE_COMPILATION_CONDITIONS = DEBUG;
				SWIFT_OPTIMIZATION_LEVEL = "-Onone";
			};
			name = Debug;
		};
		C0C04CD926D015DA00182C45 /* Release */ = {
			isa = XCBuildConfiguration;
			buildSettings = {
				ALWAYS_SEARCH_USER_PATHS = NO;
				CLANG_ANALYZER_NONNULL = YES;
				CLANG_ANALYZER_NUMBER_OBJECT_CONVERSION = YES_AGGRESSIVE;
				CLANG_CXX_LANGUAGE_STANDARD = "gnu++14";
				CLANG_CXX_LIBRARY = "libc++";
				CLANG_ENABLE_MODULES = YES;
				CLANG_ENABLE_OBJC_ARC = YES;
				CLANG_ENABLE_OBJC_WEAK = YES;
				CLANG_WARN_BLOCK_CAPTURE_AUTORELEASING = YES;
				CLANG_WARN_BOOL_CONVERSION = YES;
				CLANG_WARN_COMMA = YES;
				CLANG_WARN_CONSTANT_CONVERSION = YES;
				CLANG_WARN_DEPRECATED_OBJC_IMPLEMENTATIONS = YES;
				CLANG_WARN_DIRECT_OBJC_ISA_USAGE = YES_ERROR;
				CLANG_WARN_DOCUMENTATION_COMMENTS = YES;
				CLANG_WARN_EMPTY_BODY = YES;
				CLANG_WARN_ENUM_CONVERSION = YES;
				CLANG_WARN_INFINITE_RECURSION = YES;
				CLANG_WARN_INT_CONVERSION = YES;
				CLANG_WARN_NON_LITERAL_NULL_CONVERSION = YES;
				CLANG_WARN_OBJC_IMPLICIT_RETAIN_SELF = YES;
				CLANG_WARN_OBJC_LITERAL_CONVERSION = YES;
				CLANG_WARN_OBJC_ROOT_CLASS = YES_ERROR;
				CLANG_WARN_QUOTED_INCLUDE_IN_FRAMEWORK_HEADER = YES;
				CLANG_WARN_RANGE_LOOP_ANALYSIS = YES;
				CLANG_WARN_STRICT_PROTOTYPES = YES;
				CLANG_WARN_SUSPICIOUS_MOVE = YES;
				CLANG_WARN_UNGUARDED_AVAILABILITY = YES_AGGRESSIVE;
				CLANG_WARN_UNREACHABLE_CODE = YES;
				CLANG_WARN__DUPLICATE_METHOD_MATCH = YES;
				COPY_PHASE_STRIP = NO;
				DEBUG_INFORMATION_FORMAT = "dwarf-with-dsym";
				ENABLE_NS_ASSERTIONS = NO;
				ENABLE_STRICT_OBJC_MSGSEND = YES;
				GCC_C_LANGUAGE_STANDARD = gnu11;
				GCC_NO_COMMON_BLOCKS = YES;
				GCC_WARN_64_TO_32_BIT_CONVERSION = YES;
				GCC_WARN_ABOUT_RETURN_TYPE = YES_ERROR;
				GCC_WARN_UNDECLARED_SELECTOR = YES;
				GCC_WARN_UNINITIALIZED_AUTOS = YES_AGGRESSIVE;
				GCC_WARN_UNUSED_FUNCTION = YES;
				GCC_WARN_UNUSED_VARIABLE = YES;
				IPHONEOS_DEPLOYMENT_TARGET = 14.4;
				MTL_ENABLE_DEBUG_INFO = NO;
				MTL_FAST_MATH = YES;
				SDKROOT = iphoneos;
				SWIFT_COMPILATION_MODE = wholemodule;
				SWIFT_OPTIMIZATION_LEVEL = "-O";
				VALIDATE_PRODUCT = YES;
			};
			name = Release;
		};
		C0C04CDB26D015DA00182C45 /* Debug */ = {
			isa = XCBuildConfiguration;
			buildSettings = {
				ASSETCATALOG_COMPILER_APPICON_NAME = AppIcon;
				ASSETCATALOG_COMPILER_GLOBAL_ACCENT_COLOR_NAME = AccentColor;
				CODE_SIGN_IDENTITY = "Apple Development";
				"CODE_SIGN_IDENTITY[sdk=iphoneos*]" = "iPhone Distribution";
				CODE_SIGN_STYLE = Manual;
				DEVELOPMENT_TEAM = "";
				"DEVELOPMENT_TEAM[sdk=iphoneos*]" = 85Z6DRR6M5;
				INFOPLIST_FILE = IoTConnectDemo/Info.plist;
				IPHONEOS_DEPLOYMENT_TARGET = 14.4;
				LD_RUNPATH_SEARCH_PATHS = (
					"$(inherited)",
					"@executable_path/Frameworks",
				);
				PRODUCT_BUNDLE_IDENTIFIER = com.softweb.test;
				PRODUCT_NAME = "$(TARGET_NAME)";
				PROVISIONING_PROFILE_SPECIFIER = "";
				"PROVISIONING_PROFILE_SPECIFIER[sdk=iphoneos*]" = "Emergency Distribution Profile 2023";
				SWIFT_VERSION = 5.0;
				TARGETED_DEVICE_FAMILY = "1,2";
			};
			name = Debug;
		};
		C0C04CDC26D015DA00182C45 /* Release */ = {
			isa = XCBuildConfiguration;
			buildSettings = {
				ASSETCATALOG_COMPILER_APPICON_NAME = AppIcon;
				ASSETCATALOG_COMPILER_GLOBAL_ACCENT_COLOR_NAME = AccentColor;
				CODE_SIGN_IDENTITY = "Apple Development";
				"CODE_SIGN_IDENTITY[sdk=iphoneos*]" = "iPhone Distribution";
				CODE_SIGN_STYLE = Manual;
				DEVELOPMENT_TEAM = "";
				"DEVELOPMENT_TEAM[sdk=iphoneos*]" = 85Z6DRR6M5;
				INFOPLIST_FILE = IoTConnectDemo/Info.plist;
				IPHONEOS_DEPLOYMENT_TARGET = 14.4;
				LD_RUNPATH_SEARCH_PATHS = (
					"$(inherited)",
					"@executable_path/Frameworks",
				);
				PRODUCT_BUNDLE_IDENTIFIER = com.softweb.test;
				PRODUCT_NAME = "$(TARGET_NAME)";
				PROVISIONING_PROFILE_SPECIFIER = "";
				"PROVISIONING_PROFILE_SPECIFIER[sdk=iphoneos*]" = "Emergency Distribution Profile 2023";
				SWIFT_VERSION = 5.0;
				TARGETED_DEVICE_FAMILY = "1,2";
			};
			name = Release;
		};
/* End XCBuildConfiguration section */

/* Begin XCConfigurationList section */
		C0C04CC126D015D900182C45 /* Build configuration list for PBXProject "IoTConnectDemo" */ = {
			isa = XCConfigurationList;
			buildConfigurations = (
				C0C04CD826D015DA00182C45 /* Debug */,
				C0C04CD926D015DA00182C45 /* Release */,
			);
			defaultConfigurationIsVisible = 0;
			defaultConfigurationName = Release;
		};
		C0C04CDA26D015DA00182C45 /* Build configuration list for PBXNativeTarget "IoTConnectDemo" */ = {
			isa = XCConfigurationList;
			buildConfigurations = (
				C0C04CDB26D015DA00182C45 /* Debug */,
				C0C04CDC26D015DA00182C45 /* Release */,
			);
			defaultConfigurationIsVisible = 0;
			defaultConfigurationName = Release;
		};
/* End XCConfigurationList section */

/* Begin XCRemoteSwiftPackageReference section */
		DDBB4AA52A40891C00783F26 /* XCRemoteSwiftPackageReference "IQKeyboardManager" */ = {
			isa = XCRemoteSwiftPackageReference;
			repositoryURL = "https://github.com/hackiftekhar/IQKeyboardManager";
			requirement = {
				kind = upToNextMajorVersion;
				minimumVersion = 6.0.0;
			};
		};
/* End XCRemoteSwiftPackageReference section */

/* Begin XCSwiftPackageProductDependency section */
		DDBB4AA62A40891C00783F26 /* IQKeyboardManagerSwift */ = {
			isa = XCSwiftPackageProductDependency;
			package = DDBB4AA52A40891C00783F26 /* XCRemoteSwiftPackageReference "IQKeyboardManager" */;
			productName = IQKeyboardManagerSwift;
		};
/* End XCSwiftPackageProductDependency section */
	};
	rootObject = C0C04CBE26D015D900182C45 /* Project object */;
}
