// !$*UTF8*$!
{
	archiveVersion = 1;
	classes = {
	};
	objectVersion = 56;
	objects = {

/* Begin PBXBuildFile section */
		DD66C0112AF3D4510004A84F /* IoTConnect2.h in Headers */ = {isa = PBXBuildFile; fileRef = DD66C0102AF3D4510004A84F /* IoTConnect2.h */; settings = {ATTRIBUTES = (Public, ); }; };
		DD66C04C2AF3D4A40004A84F /* LICENSE in Resources */ = {isa = PBXBuildFile; fileRef = DD66C0192AF3D4A40004A84F /* LICENSE */; };
		DD66C04D2AF3D4A40004A84F /* Reachability.swift in Sources */ = {isa = PBXBuildFile; fileRef = DD66C01A2AF3D4A40004A84F /* Reachability.swift */; };
		DD66C04E2AF3D4A40004A84F /* MqttClientService.swift in Sources */ = {isa = PBXBuildFile; fileRef = DD66C01C2AF3D4A40004A84F /* MqttClientService.swift */; };
		DD66C04F2AF3D4A40004A84F /* MqttClientDelegate.swift in Sources */ = {isa = PBXBuildFile; fileRef = DD66C01D2AF3D4A40004A84F /* MqttClientDelegate.swift */; };
		DD66C0502AF3D4A40004A84F /* MqttClientManager.swift in Sources */ = {isa = PBXBuildFile; fileRef = DD66C01E2AF3D4A40004A84F /* MqttClientManager.swift */; };
		DD66C0512AF3D4A40004A84F /* CocoaMqttConfig.swift in Sources */ = {isa = PBXBuildFile; fileRef = DD66C01F2AF3D4A40004A84F /* CocoaMqttConfig.swift */; };
		DD66C0522AF3D4A40004A84F /* Config.swift in Sources */ = {isa = PBXBuildFile; fileRef = DD66C0202AF3D4A40004A84F /* Config.swift */; };
		DD66C0532AF3D4A40004A84F /* OfflineStorageOption.swift in Sources */ = {isa = PBXBuildFile; fileRef = DD66C0222AF3D4A40004A84F /* OfflineStorageOption.swift */; };
		DD66C0542AF3D4A40004A84F /* Identity.swift in Sources */ = {isa = PBXBuildFile; fileRef = DD66C0232AF3D4A40004A84F /* Identity.swift */; };
		DD66C0552AF3D4A40004A84F /* SDKClientOption.swift in Sources */ = {isa = PBXBuildFile; fileRef = DD66C0242AF3D4A40004A84F /* SDKClientOption.swift */; };
		DD66C0562AF3D4A40004A84F /* SSLOption.swift in Sources */ = {isa = PBXBuildFile; fileRef = DD66C0252AF3D4A40004A84F /* SSLOption.swift */; };
		DD66C0572AF3D4A40004A84F /* Attributes.swift in Sources */ = {isa = PBXBuildFile; fileRef = DD66C0262AF3D4A40004A84F /* Attributes.swift */; };
		DD66C0582AF3D4A40004A84F /* BrokerType.swift in Sources */ = {isa = PBXBuildFile; fileRef = DD66C0272AF3D4A40004A84F /* BrokerType.swift */; };
		DD66C0592AF3D4A40004A84F /* File.swift in Sources */ = {isa = PBXBuildFile; fileRef = DD66C0282AF3D4A40004A84F /* File.swift */; };
		DD66C05A2AF3D4A40004A84F /* Discovery.swift in Sources */ = {isa = PBXBuildFile; fileRef = DD66C0292AF3D4A40004A84F /* Discovery.swift */; };
		DD66C05B2AF3D4A40004A84F /* IoTConnectConfig.swift in Sources */ = {isa = PBXBuildFile; fileRef = DD66C02A2AF3D4A40004A84F /* IoTConnectConfig.swift */; };
		DD66C05C2AF3D4A40004A84F /* IoTData.swift in Sources */ = {isa = PBXBuildFile; fileRef = DD66C02B2AF3D4A40004A84F /* IoTData.swift */; };
		DD66C05D2AF3D4A40004A84F /* Packaging.log in Resources */ = {isa = PBXBuildFile; fileRef = DD66C02D2AF3D4A40004A84F /* Packaging.log */; };
		DD66C05E2AF3D4A40004A84F /* ExportOptions.plist in Resources */ = {isa = PBXBuildFile; fileRef = DD66C02E2AF3D4A40004A84F /* ExportOptions.plist */; };
		DD66C05F2AF3D4A40004A84F /* DistributionSummary.plist in Resources */ = {isa = PBXBuildFile; fileRef = DD66C02F2AF3D4A40004A84F /* DistributionSummary.plist */; };
		DD66C0602AF3D4A40004A84F /* IoTConnectDemo.ipa in Resources */ = {isa = PBXBuildFile; fileRef = DD66C0302AF3D4A40004A84F /* IoTConnectDemo.ipa */; };
		DD66C0612AF3D4A40004A84F /* CacheService.swift in Sources */ = {isa = PBXBuildFile; fileRef = DD66C0322AF3D4A40004A84F /* CacheService.swift */; };
		DD66C0622AF3D4A40004A84F /* CacheManagerDelegate.swift in Sources */ = {isa = PBXBuildFile; fileRef = DD66C0332AF3D4A40004A84F /* CacheManagerDelegate.swift */; };
		DD66C0632AF3D4A40004A84F /* CachProtocol.swift in Sources */ = {isa = PBXBuildFile; fileRef = DD66C0342AF3D4A40004A84F /* CachProtocol.swift */; };
		DD66C0642AF3D4A40004A84F /* CacheManager.swift in Sources */ = {isa = PBXBuildFile; fileRef = DD66C0352AF3D4A40004A84F /* CacheManager.swift */; };
		DD66C0652AF3D4A40004A84F /* CacheModel.swift in Sources */ = {isa = PBXBuildFile; fileRef = DD66C0362AF3D4A40004A84F /* CacheModel.swift */; };
		DD66C0662AF3D4A40004A84F /* MQTTClient.swift in Sources */ = {isa = PBXBuildFile; fileRef = DD66C0372AF3D4A40004A84F /* MQTTClient.swift */; };
		DD66C0672AF3D4A40004A84F /* Common.swift in Sources */ = {isa = PBXBuildFile; fileRef = DD66C03A2AF3D4A40004A84F /* Common.swift */; };
		DD66C0682AF3D4A40004A84F /* HTTPManagerDelegate.swift in Sources */ = {isa = PBXBuildFile; fileRef = DD66C03B2AF3D4A40004A84F /* HTTPManagerDelegate.swift */; };
		DD66C0692AF3D4A40004A84F /* HTTPRequestConfig.swift in Sources */ = {isa = PBXBuildFile; fileRef = DD66C03C2AF3D4A40004A84F /* HTTPRequestConfig.swift */; };
		DD66C06A2AF3D4A40004A84F /* HTTPManager.swift in Sources */ = {isa = PBXBuildFile; fileRef = DD66C03D2AF3D4A40004A84F /* HTTPManager.swift */; };
		DD66C06B2AF3D4A40004A84F /* NetworkConstants.swift in Sources */ = {isa = PBXBuildFile; fileRef = DD66C03E2AF3D4A40004A84F /* NetworkConstants.swift */; };
		DD66C06C2AF3D4A40004A84F /* HTTPService.swift in Sources */ = {isa = PBXBuildFile; fileRef = DD66C03F2AF3D4A40004A84F /* HTTPService.swift */; };
		DD66C06D2AF3D4A40004A84F /* Date+Extension.swift in Sources */ = {isa = PBXBuildFile; fileRef = DD66C0412AF3D4A40004A84F /* Date+Extension.swift */; };
		DD66C06E2AF3D4A40004A84F /* Extension.swift in Sources */ = {isa = PBXBuildFile; fileRef = DD66C0422AF3D4A40004A84F /* Extension.swift */; };
		DD66C0702AF3D4A40004A84F /* IoTConnect_2_0.h in Headers */ = {isa = PBXBuildFile; fileRef = DD66C0442AF3D4A40004A84F /* IoTConnect_2_0.h */; };
		DD66C0712AF3D4A40004A84F /* SDKClient.swift in Sources */ = {isa = PBXBuildFile; fileRef = DD66C0452AF3D4A40004A84F /* SDKClient.swift */; };
		DD66C0732AF3D4A40004A84F /* IoTConnectManager.swift in Sources */ = {isa = PBXBuildFile; fileRef = DD66C0482AF3D4A40004A84F /* IoTConnectManager.swift */; };
		DD66C0742AF3D4A40004A84F /* IoTConnectService.swift in Sources */ = {isa = PBXBuildFile; fileRef = DD66C0492AF3D4A40004A84F /* IoTConnectService.swift */; };
		DD66C0752AF3D4A40004A84F /* IoTConnectDelegate.swift in Sources */ = {isa = PBXBuildFile; fileRef = DD66C04A2AF3D4A40004A84F /* IoTConnectDelegate.swift */; };
		DD66C0762AF3D4A40004A84F /* ErrosLog.swift in Sources */ = {isa = PBXBuildFile; fileRef = DD66C04B2AF3D4A40004A84F /* ErrosLog.swift */; };
		E3CF19AD3A8E10F8BA6F7902 /* Pods_IoTConnect2.framework in Frameworks */ = {isa = PBXBuildFile; fileRef = CC32CC84E2C879F86F3768C2 /* Pods_IoTConnect2.framework */; };
/* End PBXBuildFile section */

/* Begin PBXFileReference section */
		5C30D35F3FFA2B8C21F0CDD6 /* Pods-IoTConnect2.debug.xcconfig */ = {isa = PBXFileReference; includeInIndex = 1; lastKnownFileType = text.xcconfig; name = "Pods-IoTConnect2.debug.xcconfig"; path = "Target Support Files/Pods-IoTConnect2/Pods-IoTConnect2.debug.xcconfig"; sourceTree = "<group>"; };
		CC32CC84E2C879F86F3768C2 /* Pods_IoTConnect2.framework */ = {isa = PBXFileReference; explicitFileType = wrapper.framework; includeInIndex = 0; path = Pods_IoTConnect2.framework; sourceTree = BUILT_PRODUCTS_DIR; };
		D111443E776AE52362845070 /* Pods-IoTConnect2.release.xcconfig */ = {isa = PBXFileReference; includeInIndex = 1; lastKnownFileType = text.xcconfig; name = "Pods-IoTConnect2.release.xcconfig"; path = "Target Support Files/Pods-IoTConnect2/Pods-IoTConnect2.release.xcconfig"; sourceTree = "<group>"; };
		DD66C00D2AF3D4510004A84F /* IoTConnect2.framework */ = {isa = PBXFileReference; explicitFileType = wrapper.framework; includeInIndex = 0; path = IoTConnect2.framework; sourceTree = BUILT_PRODUCTS_DIR; };
		DD66C0102AF3D4510004A84F /* IoTConnect2.h */ = {isa = PBXFileReference; lastKnownFileType = sourcecode.c.h; path = IoTConnect2.h; sourceTree = "<group>"; };
		DD66C0192AF3D4A40004A84F /* LICENSE */ = {isa = PBXFileReference; fileEncoding = 4; lastKnownFileType = text; path = LICENSE; sourceTree = "<group>"; };
		DD66C01A2AF3D4A40004A84F /* Reachability.swift */ = {isa = PBXFileReference; fileEncoding = 4; lastKnownFileType = sourcecode.swift; path = Reachability.swift; sourceTree = "<group>"; };
		DD66C01C2AF3D4A40004A84F /* MqttClientService.swift */ = {isa = PBXFileReference; fileEncoding = 4; lastKnownFileType = sourcecode.swift; path = MqttClientService.swift; sourceTree = "<group>"; };
		DD66C01D2AF3D4A40004A84F /* MqttClientDelegate.swift */ = {isa = PBXFileReference; fileEncoding = 4; lastKnownFileType = sourcecode.swift; path = MqttClientDelegate.swift; sourceTree = "<group>"; };
		DD66C01E2AF3D4A40004A84F /* MqttClientManager.swift */ = {isa = PBXFileReference; fileEncoding = 4; lastKnownFileType = sourcecode.swift; path = MqttClientManager.swift; sourceTree = "<group>"; };
		DD66C01F2AF3D4A40004A84F /* CocoaMqttConfig.swift */ = {isa = PBXFileReference; fileEncoding = 4; lastKnownFileType = sourcecode.swift; path = CocoaMqttConfig.swift; sourceTree = "<group>"; };
		DD66C0202AF3D4A40004A84F /* Config.swift */ = {isa = PBXFileReference; fileEncoding = 4; lastKnownFileType = sourcecode.swift; path = Config.swift; sourceTree = "<group>"; };
		DD66C0222AF3D4A40004A84F /* OfflineStorageOption.swift */ = {isa = PBXFileReference; fileEncoding = 4; lastKnownFileType = sourcecode.swift; path = OfflineStorageOption.swift; sourceTree = "<group>"; };
		DD66C0232AF3D4A40004A84F /* Identity.swift */ = {isa = PBXFileReference; fileEncoding = 4; lastKnownFileType = sourcecode.swift; path = Identity.swift; sourceTree = "<group>"; };
		DD66C0242AF3D4A40004A84F /* SDKClientOption.swift */ = {isa = PBXFileReference; fileEncoding = 4; lastKnownFileType = sourcecode.swift; path = SDKClientOption.swift; sourceTree = "<group>"; };
		DD66C0252AF3D4A40004A84F /* SSLOption.swift */ = {isa = PBXFileReference; fileEncoding = 4; lastKnownFileType = sourcecode.swift; path = SSLOption.swift; sourceTree = "<group>"; };
		DD66C0262AF3D4A40004A84F /* Attributes.swift */ = {isa = PBXFileReference; fileEncoding = 4; lastKnownFileType = sourcecode.swift; path = Attributes.swift; sourceTree = "<group>"; };
		DD66C0272AF3D4A40004A84F /* BrokerType.swift */ = {isa = PBXFileReference; fileEncoding = 4; lastKnownFileType = sourcecode.swift; path = BrokerType.swift; sourceTree = "<group>"; };
		DD66C0282AF3D4A40004A84F /* File.swift */ = {isa = PBXFileReference; fileEncoding = 4; lastKnownFileType = sourcecode.swift; path = File.swift; sourceTree = "<group>"; };
		DD66C0292AF3D4A40004A84F /* Discovery.swift */ = {isa = PBXFileReference; fileEncoding = 4; lastKnownFileType = sourcecode.swift; path = Discovery.swift; sourceTree = "<group>"; };
		DD66C02A2AF3D4A40004A84F /* IoTConnectConfig.swift */ = {isa = PBXFileReference; fileEncoding = 4; lastKnownFileType = sourcecode.swift; path = IoTConnectConfig.swift; sourceTree = "<group>"; };
		DD66C02B2AF3D4A40004A84F /* IoTData.swift */ = {isa = PBXFileReference; fileEncoding = 4; lastKnownFileType = sourcecode.swift; path = IoTData.swift; sourceTree = "<group>"; };
		DD66C02D2AF3D4A40004A84F /* Packaging.log */ = {isa = PBXFileReference; fileEncoding = 4; lastKnownFileType = text; path = Packaging.log; sourceTree = "<group>"; };
		DD66C02E2AF3D4A40004A84F /* ExportOptions.plist */ = {isa = PBXFileReference; fileEncoding = 4; lastKnownFileType = text.plist.xml; path = ExportOptions.plist; sourceTree = "<group>"; };
		DD66C02F2AF3D4A40004A84F /* DistributionSummary.plist */ = {isa = PBXFileReference; fileEncoding = 4; lastKnownFileType = text.plist.xml; path = DistributionSummary.plist; sourceTree = "<group>"; };
		DD66C0302AF3D4A40004A84F /* IoTConnectDemo.ipa */ = {isa = PBXFileReference; lastKnownFileType = file; path = IoTConnectDemo.ipa; sourceTree = "<group>"; };
		DD66C0322AF3D4A40004A84F /* CacheService.swift */ = {isa = PBXFileReference; fileEncoding = 4; lastKnownFileType = sourcecode.swift; path = CacheService.swift; sourceTree = "<group>"; };
		DD66C0332AF3D4A40004A84F /* CacheManagerDelegate.swift */ = {isa = PBXFileReference; fileEncoding = 4; lastKnownFileType = sourcecode.swift; path = CacheManagerDelegate.swift; sourceTree = "<group>"; };
		DD66C0342AF3D4A40004A84F /* CachProtocol.swift */ = {isa = PBXFileReference; fileEncoding = 4; lastKnownFileType = sourcecode.swift; path = CachProtocol.swift; sourceTree = "<group>"; };
		DD66C0352AF3D4A40004A84F /* CacheManager.swift */ = {isa = PBXFileReference; fileEncoding = 4; lastKnownFileType = sourcecode.swift; path = CacheManager.swift; sourceTree = "<group>"; };
		DD66C0362AF3D4A40004A84F /* CacheModel.swift */ = {isa = PBXFileReference; fileEncoding = 4; lastKnownFileType = sourcecode.swift; path = CacheModel.swift; sourceTree = "<group>"; };
		DD66C0372AF3D4A40004A84F /* MQTTClient.swift */ = {isa = PBXFileReference; fileEncoding = 4; lastKnownFileType = sourcecode.swift; path = MQTTClient.swift; sourceTree = "<group>"; };
		DD66C03A2AF3D4A40004A84F /* Common.swift */ = {isa = PBXFileReference; fileEncoding = 4; lastKnownFileType = sourcecode.swift; path = Common.swift; sourceTree = "<group>"; };
		DD66C03B2AF3D4A40004A84F /* HTTPManagerDelegate.swift */ = {isa = PBXFileReference; fileEncoding = 4; lastKnownFileType = sourcecode.swift; path = HTTPManagerDelegate.swift; sourceTree = "<group>"; };
		DD66C03C2AF3D4A40004A84F /* HTTPRequestConfig.swift */ = {isa = PBXFileReference; fileEncoding = 4; lastKnownFileType = sourcecode.swift; path = HTTPRequestConfig.swift; sourceTree = "<group>"; };
		DD66C03D2AF3D4A40004A84F /* HTTPManager.swift */ = {isa = PBXFileReference; fileEncoding = 4; lastKnownFileType = sourcecode.swift; path = HTTPManager.swift; sourceTree = "<group>"; };
		DD66C03E2AF3D4A40004A84F /* NetworkConstants.swift */ = {isa = PBXFileReference; fileEncoding = 4; lastKnownFileType = sourcecode.swift; path = NetworkConstants.swift; sourceTree = "<group>"; };
		DD66C03F2AF3D4A40004A84F /* HTTPService.swift */ = {isa = PBXFileReference; fileEncoding = 4; lastKnownFileType = sourcecode.swift; path = HTTPService.swift; sourceTree = "<group>"; };
		DD66C0412AF3D4A40004A84F /* Date+Extension.swift */ = {isa = PBXFileReference; fileEncoding = 4; lastKnownFileType = sourcecode.swift; path = "Date+Extension.swift"; sourceTree = "<group>"; };
		DD66C0422AF3D4A40004A84F /* Extension.swift */ = {isa = PBXFileReference; fileEncoding = 4; lastKnownFileType = sourcecode.swift; path = Extension.swift; sourceTree = "<group>"; };
		DD66C0442AF3D4A40004A84F /* IoTConnect_2_0.h */ = {isa = PBXFileReference; fileEncoding = 4; lastKnownFileType = sourcecode.c.h; path = IoTConnect_2_0.h; sourceTree = "<group>"; };
		DD66C0452AF3D4A40004A84F /* SDKClient.swift */ = {isa = PBXFileReference; fileEncoding = 4; lastKnownFileType = sourcecode.swift; path = SDKClient.swift; sourceTree = "<group>"; };
		DD66C0462AF3D4A40004A84F /* Info.plist */ = {isa = PBXFileReference; fileEncoding = 4; lastKnownFileType = text.plist.xml; path = Info.plist; sourceTree = "<group>"; };
		DD66C0482AF3D4A40004A84F /* IoTConnectManager.swift */ = {isa = PBXFileReference; fileEncoding = 4; lastKnownFileType = sourcecode.swift; path = IoTConnectManager.swift; sourceTree = "<group>"; };
		DD66C0492AF3D4A40004A84F /* IoTConnectService.swift */ = {isa = PBXFileReference; fileEncoding = 4; lastKnownFileType = sourcecode.swift; path = IoTConnectService.swift; sourceTree = "<group>"; };
		DD66C04A2AF3D4A40004A84F /* IoTConnectDelegate.swift */ = {isa = PBXFileReference; fileEncoding = 4; lastKnownFileType = sourcecode.swift; path = IoTConnectDelegate.swift; sourceTree = "<group>"; };
		DD66C04B2AF3D4A40004A84F /* ErrosLog.swift */ = {isa = PBXFileReference; fileEncoding = 4; lastKnownFileType = sourcecode.swift; path = ErrosLog.swift; sourceTree = "<group>"; };
/* End PBXFileReference section */

/* Begin PBXFrameworksBuildPhase section */
		DD66C00A2AF3D4510004A84F /* Frameworks */ = {
			isa = PBXFrameworksBuildPhase;
			buildActionMask = 2147483647;
			files = (
				E3CF19AD3A8E10F8BA6F7902 /* Pods_IoTConnect2.framework in Frameworks */,
			);
			runOnlyForDeploymentPostprocessing = 0;
		};
/* End PBXFrameworksBuildPhase section */

/* Begin PBXGroup section */
		785F25E9731B588F257B2C8B /* Pods */ = {
			isa = PBXGroup;
			children = (
				5C30D35F3FFA2B8C21F0CDD6 /* Pods-IoTConnect2.debug.xcconfig */,
				D111443E776AE52362845070 /* Pods-IoTConnect2.release.xcconfig */,
			);
			path = Pods;
			sourceTree = "<group>";
		};
		DD66C0032AF3D4510004A84F = {
			isa = PBXGroup;
			children = (
				DD66C00F2AF3D4510004A84F /* IoTConnect2 */,
				DD66C00E2AF3D4510004A84F /* Products */,
				785F25E9731B588F257B2C8B /* Pods */,
				E0AF082900A89E44A201B8F2 /* Frameworks */,
			);
			sourceTree = "<group>";
		};
		DD66C00E2AF3D4510004A84F /* Products */ = {
			isa = PBXGroup;
			children = (
				DD66C00D2AF3D4510004A84F /* IoTConnect2.framework */,
			);
			name = Products;
			sourceTree = "<group>";
		};
		DD66C00F2AF3D4510004A84F /* IoTConnect2 */ = {
			isa = PBXGroup;
			children = (
				DD66C0102AF3D4510004A84F /* IoTConnect2.h */,
				DD66C0172AF3D4A40004A84F /* IoTConnect_2.0 */,
			);
			path = IoTConnect2;
			sourceTree = "<group>";
		};
		DD66C0172AF3D4A40004A84F /* IoTConnect_2.0 */ = {
			isa = PBXGroup;
			children = (
				DD66C0182AF3D4A40004A84F /* OtherFramwork */,
				DD66C01B2AF3D4A40004A84F /* MqttClient */,
				DD66C0202AF3D4A40004A84F /* Config.swift */,
				DD66C0212AF3D4A40004A84F /* Models */,
				DD66C0312AF3D4A40004A84F /* Storage */,
				DD66C0372AF3D4A40004A84F /* MQTTClient.swift */,
				DD66C0382AF3D4A40004A84F /* common */,
				DD66C0442AF3D4A40004A84F /* IoTConnect_2_0.h */,
				DD66C0452AF3D4A40004A84F /* SDKClient.swift */,
				DD66C0462AF3D4A40004A84F /* Info.plist */,
				DD66C0472AF3D4A40004A84F /* IoTConnectManager */,
				DD66C04B2AF3D4A40004A84F /* ErrosLog.swift */,
			);
			path = IoTConnect_2.0;
			sourceTree = "<group>";
		};
		DD66C0182AF3D4A40004A84F /* OtherFramwork */ = {
			isa = PBXGroup;
			children = (
				DD66C0192AF3D4A40004A84F /* LICENSE */,
				DD66C01A2AF3D4A40004A84F /* Reachability.swift */,
			);
			path = OtherFramwork;
			sourceTree = "<group>";
		};
		DD66C01B2AF3D4A40004A84F /* MqttClient */ = {
			isa = PBXGroup;
			children = (
				DD66C01C2AF3D4A40004A84F /* MqttClientService.swift */,
				DD66C01D2AF3D4A40004A84F /* MqttClientDelegate.swift */,
				DD66C01E2AF3D4A40004A84F /* MqttClientManager.swift */,
				DD66C01F2AF3D4A40004A84F /* CocoaMqttConfig.swift */,
			);
			path = MqttClient;
			sourceTree = "<group>";
		};
		DD66C0212AF3D4A40004A84F /* Models */ = {
			isa = PBXGroup;
			children = (
				DD66C0222AF3D4A40004A84F /* OfflineStorageOption.swift */,
				DD66C0232AF3D4A40004A84F /* Identity.swift */,
				DD66C0242AF3D4A40004A84F /* SDKClientOption.swift */,
				DD66C0252AF3D4A40004A84F /* SSLOption.swift */,
				DD66C0262AF3D4A40004A84F /* Attributes.swift */,
				DD66C0272AF3D4A40004A84F /* BrokerType.swift */,
				DD66C0282AF3D4A40004A84F /* File.swift */,
				DD66C0292AF3D4A40004A84F /* Discovery.swift */,
				DD66C02A2AF3D4A40004A84F /* IoTConnectConfig.swift */,
				DD66C02B2AF3D4A40004A84F /* IoTData.swift */,
				DD66C02C2AF3D4A40004A84F /* IoTConnectDemo 2023-09-29 11-45-13 */,
			);
			path = Models;
			sourceTree = "<group>";
		};
		DD66C02C2AF3D4A40004A84F /* IoTConnectDemo 2023-09-29 11-45-13 */ = {
			isa = PBXGroup;
			children = (
				DD66C02D2AF3D4A40004A84F /* Packaging.log */,
				DD66C02E2AF3D4A40004A84F /* ExportOptions.plist */,
				DD66C02F2AF3D4A40004A84F /* DistributionSummary.plist */,
				DD66C0302AF3D4A40004A84F /* IoTConnectDemo.ipa */,
			);
			path = "IoTConnectDemo 2023-09-29 11-45-13";
			sourceTree = "<group>";
		};
		DD66C0312AF3D4A40004A84F /* Storage */ = {
			isa = PBXGroup;
			children = (
				DD66C0322AF3D4A40004A84F /* CacheService.swift */,
				DD66C0332AF3D4A40004A84F /* CacheManagerDelegate.swift */,
				DD66C0342AF3D4A40004A84F /* CachProtocol.swift */,
				DD66C0352AF3D4A40004A84F /* CacheManager.swift */,
				DD66C0362AF3D4A40004A84F /* CacheModel.swift */,
			);
			path = Storage;
			sourceTree = "<group>";
		};
		DD66C0382AF3D4A40004A84F /* common */ = {
			isa = PBXGroup;
			children = (
				DD66C0392AF3D4A40004A84F /* Network */,
				DD66C0402AF3D4A40004A84F /* Utilities */,
			);
			path = common;
			sourceTree = "<group>";
		};
		DD66C0392AF3D4A40004A84F /* Network */ = {
			isa = PBXGroup;
			children = (
				DD66C03A2AF3D4A40004A84F /* Common.swift */,
				DD66C03B2AF3D4A40004A84F /* HTTPManagerDelegate.swift */,
				DD66C03C2AF3D4A40004A84F /* HTTPRequestConfig.swift */,
				DD66C03D2AF3D4A40004A84F /* HTTPManager.swift */,
				DD66C03E2AF3D4A40004A84F /* NetworkConstants.swift */,
				DD66C03F2AF3D4A40004A84F /* HTTPService.swift */,
			);
			path = Network;
			sourceTree = "<group>";
		};
		DD66C0402AF3D4A40004A84F /* Utilities */ = {
			isa = PBXGroup;
			children = (
				DD66C0412AF3D4A40004A84F /* Date+Extension.swift */,
				DD66C0422AF3D4A40004A84F /* Extension.swift */,
			);
			path = Utilities;
			sourceTree = "<group>";
		};
		DD66C0472AF3D4A40004A84F /* IoTConnectManager */ = {
			isa = PBXGroup;
			children = (
				DD66C0482AF3D4A40004A84F /* IoTConnectManager.swift */,
				DD66C0492AF3D4A40004A84F /* IoTConnectService.swift */,
				DD66C04A2AF3D4A40004A84F /* IoTConnectDelegate.swift */,
			);
			path = IoTConnectManager;
			sourceTree = "<group>";
		};
		E0AF082900A89E44A201B8F2 /* Frameworks */ = {
			isa = PBXGroup;
			children = (
				CC32CC84E2C879F86F3768C2 /* Pods_IoTConnect2.framework */,
			);
			name = Frameworks;
			sourceTree = "<group>";
		};
/* End PBXGroup section */

/* Begin PBXHeadersBuildPhase section */
		DD66C0082AF3D4510004A84F /* Headers */ = {
			isa = PBXHeadersBuildPhase;
			buildActionMask = 2147483647;
			files = (
				DD66C0702AF3D4A40004A84F /* IoTConnect_2_0.h in Headers */,
				DD66C0112AF3D4510004A84F /* IoTConnect2.h in Headers */,
			);
			runOnlyForDeploymentPostprocessing = 0;
		};
/* End PBXHeadersBuildPhase section */

/* Begin PBXNativeTarget section */
		DD66C00C2AF3D4510004A84F /* IoTConnect2 */ = {
			isa = PBXNativeTarget;
			buildConfigurationList = DD66C0142AF3D4510004A84F /* Build configuration list for PBXNativeTarget "IoTConnect2" */;
			buildPhases = (
				DB47FE3370D88C96882CA144 /* [CP] Check Pods Manifest.lock */,
				DD66C0082AF3D4510004A84F /* Headers */,
				DD66C0092AF3D4510004A84F /* Sources */,
				DD66C00A2AF3D4510004A84F /* Frameworks */,
				DD66C00B2AF3D4510004A84F /* Resources */,
			);
			buildRules = (
			);
			dependencies = (
			);
			name = IoTConnect2;
			productName = IoTConnect2;
			productReference = DD66C00D2AF3D4510004A84F /* IoTConnect2.framework */;
			productType = "com.apple.product-type.framework";
		};
/* End PBXNativeTarget section */

/* Begin PBXProject section */
		DD66C0042AF3D4510004A84F /* Project object */ = {
			isa = PBXProject;
			attributes = {
				BuildIndependentTargetsInParallel = 1;
				LastUpgradeCheck = 1500;
				TargetAttributes = {
					DD66C00C2AF3D4510004A84F = {
						CreatedOnToolsVersion = 15.0.1;
					};
				};
			};
			buildConfigurationList = DD66C0072AF3D4510004A84F /* Build configuration list for PBXProject "IoTConnect2" */;
			compatibilityVersion = "Xcode 14.0";
			developmentRegion = en;
			hasScannedForEncodings = 0;
			knownRegions = (
				en,
				Base,
			);
			mainGroup = DD66C0032AF3D4510004A84F;
			productRefGroup = DD66C00E2AF3D4510004A84F /* Products */;
			projectDirPath = "";
			projectRoot = "";
			targets = (
				DD66C00C2AF3D4510004A84F /* IoTConnect2 */,
			);
		};
/* End PBXProject section */

/* Begin PBXResourcesBuildPhase section */
		DD66C00B2AF3D4510004A84F /* Resources */ = {
			isa = PBXResourcesBuildPhase;
			buildActionMask = 2147483647;
			files = (
				DD66C05D2AF3D4A40004A84F /* Packaging.log in Resources */,
				DD66C0602AF3D4A40004A84F /* IoTConnectDemo.ipa in Resources */,
				DD66C05F2AF3D4A40004A84F /* DistributionSummary.plist in Resources */,
				DD66C04C2AF3D4A40004A84F /* LICENSE in Resources */,
				DD66C05E2AF3D4A40004A84F /* ExportOptions.plist in Resources */,
			);
			runOnlyForDeploymentPostprocessing = 0;
		};
/* End PBXResourcesBuildPhase section */

/* Begin PBXShellScriptBuildPhase section */
		DB47FE3370D88C96882CA144 /* [CP] Check Pods Manifest.lock */ = {
			isa = PBXShellScriptBuildPhase;
			buildActionMask = 2147483647;
			files = (
			);
			inputFileListPaths = (
			);
			inputPaths = (
				"${PODS_PODFILE_DIR_PATH}/Podfile.lock",
				"${PODS_ROOT}/Manifest.lock",
			);
			name = "[CP] Check Pods Manifest.lock";
			outputFileListPaths = (
			);
			outputPaths = (
				"$(DERIVED_FILE_DIR)/Pods-IoTConnect2-checkManifestLockResult.txt",
			);
			runOnlyForDeploymentPostprocessing = 0;
			shellPath = /bin/sh;
			shellScript = "diff \"${PODS_PODFILE_DIR_PATH}/Podfile.lock\" \"${PODS_ROOT}/Manifest.lock\" > /dev/null\nif [ $? != 0 ] ; then\n    # print error to STDERR\n    echo \"error: The sandbox is not in sync with the Podfile.lock. Run 'pod install' or update your CocoaPods installation.\" >&2\n    exit 1\nfi\n# This output is used by Xcode 'outputs' to avoid re-running this script phase.\necho \"SUCCESS\" > \"${SCRIPT_OUTPUT_FILE_0}\"\n";
			showEnvVarsInLog = 0;
		};
/* End PBXShellScriptBuildPhase section */

/* Begin PBXSourcesBuildPhase section */
		DD66C0092AF3D4510004A84F /* Sources */ = {
			isa = PBXSourcesBuildPhase;
			buildActionMask = 2147483647;
			files = (
				DD66C06B2AF3D4A40004A84F /* NetworkConstants.swift in Sources */,
				DD66C05A2AF3D4A40004A84F /* Discovery.swift in Sources */,
				DD66C0622AF3D4A40004A84F /* CacheManagerDelegate.swift in Sources */,
				DD66C0732AF3D4A40004A84F /* IoTConnectManager.swift in Sources */,
				DD66C0682AF3D4A40004A84F /* HTTPManagerDelegate.swift in Sources */,
				DD66C05B2AF3D4A40004A84F /* IoTConnectConfig.swift in Sources */,
				DD66C06C2AF3D4A40004A84F /* HTTPService.swift in Sources */,
				DD66C0692AF3D4A40004A84F /* HTTPRequestConfig.swift in Sources */,
				DD66C04E2AF3D4A40004A84F /* MqttClientService.swift in Sources */,
				DD66C0552AF3D4A40004A84F /* SDKClientOption.swift in Sources */,
				DD66C0752AF3D4A40004A84F /* IoTConnectDelegate.swift in Sources */,
				DD66C0762AF3D4A40004A84F /* ErrosLog.swift in Sources */,
				DD66C0512AF3D4A40004A84F /* CocoaMqttConfig.swift in Sources */,
				DD66C0652AF3D4A40004A84F /* CacheModel.swift in Sources */,
				DD66C06A2AF3D4A40004A84F /* HTTPManager.swift in Sources */,
				DD66C0532AF3D4A40004A84F /* OfflineStorageOption.swift in Sources */,
				DD66C0632AF3D4A40004A84F /* CachProtocol.swift in Sources */,
				DD66C0742AF3D4A40004A84F /* IoTConnectService.swift in Sources */,
				DD66C0542AF3D4A40004A84F /* Identity.swift in Sources */,
				DD66C06E2AF3D4A40004A84F /* Extension.swift in Sources */,
				DD66C04D2AF3D4A40004A84F /* Reachability.swift in Sources */,
				DD66C06D2AF3D4A40004A84F /* Date+Extension.swift in Sources */,
				DD66C0502AF3D4A40004A84F /* MqttClientManager.swift in Sources */,
				DD66C0572AF3D4A40004A84F /* Attributes.swift in Sources */,
				DD66C04F2AF3D4A40004A84F /* MqttClientDelegate.swift in Sources */,
				DD66C0522AF3D4A40004A84F /* Config.swift in Sources */,
				DD66C0592AF3D4A40004A84F /* File.swift in Sources */,
				DD66C0672AF3D4A40004A84F /* Common.swift in Sources */,
				DD66C0582AF3D4A40004A84F /* BrokerType.swift in Sources */,
				DD66C0642AF3D4A40004A84F /* CacheManager.swift in Sources */,
				DD66C0712AF3D4A40004A84F /* SDKClient.swift in Sources */,
				DD66C0662AF3D4A40004A84F /* MQTTClient.swift in Sources */,
				DD66C05C2AF3D4A40004A84F /* IoTData.swift in Sources */,
				DD66C0562AF3D4A40004A84F /* SSLOption.swift in Sources */,
				DD66C0612AF3D4A40004A84F /* CacheService.swift in Sources */,
			);
			runOnlyForDeploymentPostprocessing = 0;
		};
/* End PBXSourcesBuildPhase section */

/* Begin XCBuildConfiguration section */
		DD66C0122AF3D4510004A84F /* Debug */ = {
			isa = XCBuildConfiguration;
			buildSettings = {
				ALWAYS_SEARCH_USER_PATHS = NO;
				ASSETCATALOG_COMPILER_GENERATE_SWIFT_ASSET_SYMBOL_EXTENSIONS = YES;
				CLANG_ANALYZER_NONNULL = YES;
				CLANG_ANALYZER_NUMBER_OBJECT_CONVERSION = YES_AGGRESSIVE;
				CLANG_CXX_LANGUAGE_STANDARD = "gnu++20";
				CLANG_ENABLE_MODULES = YES;
				CLANG_ENABLE_OBJC_ARC = YES;
				CLANG_ENABLE_OBJC_WEAK = YES;
				CLANG_WARN_BLOCK_CAPTURE_AUTORELEASING = YES;
				CLANG_WARN_BOOL_CONVERSION = YES;
				CLANG_WARN_COMMA = YES;
				CLANG_WARN_CONSTANT_CONVERSION = YES;
				CLANG_WARN_DEPRECATED_OBJC_IMPLEMENTATIONS = YES;
				CLANG_WARN_DIRECT_OBJC_ISA_USAGE = YES_ERROR;
				CLANG_WARN_DOCUMENTATION_COMMENTS = YES;
				CLANG_WARN_EMPTY_BODY = YES;
				CLANG_WARN_ENUM_CONVERSION = YES;
				CLANG_WARN_INFINITE_RECURSION = YES;
				CLANG_WARN_INT_CONVERSION = YES;
				CLANG_WARN_NON_LITERAL_NULL_CONVERSION = YES;
				CLANG_WARN_OBJC_IMPLICIT_RETAIN_SELF = YES;
				CLANG_WARN_OBJC_LITERAL_CONVERSION = YES;
				CLANG_WARN_OBJC_ROOT_CLASS = YES_ERROR;
				CLANG_WARN_QUOTED_INCLUDE_IN_FRAMEWORK_HEADER = YES;
				CLANG_WARN_RANGE_LOOP_ANALYSIS = YES;
				CLANG_WARN_STRICT_PROTOTYPES = YES;
				CLANG_WARN_SUSPICIOUS_MOVE = YES;
				CLANG_WARN_UNGUARDED_AVAILABILITY = YES_AGGRESSIVE;
				CLANG_WARN_UNREACHABLE_CODE = YES;
				CLANG_WARN__DUPLICATE_METHOD_MATCH = YES;
				COPY_PHASE_STRIP = NO;
				CURRENT_PROJECT_VERSION = 1;
				DEBUG_INFORMATION_FORMAT = dwarf;
				ENABLE_STRICT_OBJC_MSGSEND = YES;
				ENABLE_TESTABILITY = YES;
				ENABLE_USER_SCRIPT_SANDBOXING = YES;
				GCC_C_LANGUAGE_STANDARD = gnu17;
				GCC_DYNAMIC_NO_PIC = NO;
				GCC_NO_COMMON_BLOCKS = YES;
				GCC_OPTIMIZATION_LEVEL = 0;
				GCC_PREPROCESSOR_DEFINITIONS = (
					"DEBUG=1",
					"$(inherited)",
				);
				GCC_WARN_64_TO_32_BIT_CONVERSION = YES;
				GCC_WARN_ABOUT_RETURN_TYPE = YES_ERROR;
				GCC_WARN_UNDECLARED_SELECTOR = YES;
				GCC_WARN_UNINITIALIZED_AUTOS = YES_AGGRESSIVE;
				GCC_WARN_UNUSED_FUNCTION = YES;
				GCC_WARN_UNUSED_VARIABLE = YES;
				IPHONEOS_DEPLOYMENT_TARGET = 17.0;
				LOCALIZATION_PREFERS_STRING_CATALOGS = YES;
				MTL_ENABLE_DEBUG_INFO = INCLUDE_SOURCE;
				MTL_FAST_MATH = YES;
				ONLY_ACTIVE_ARCH = YES;
				SDKROOT = iphoneos;
				SWIFT_ACTIVE_COMPILATION_CONDITIONS = "DEBUG $(inherited)";
				SWIFT_OPTIMIZATION_LEVEL = "-Onone";
				VERSIONING_SYSTEM = "apple-generic";
				VERSION_INFO_PREFIX = "";
			};
			name = Debug;
		};
		DD66C0132AF3D4510004A84F /* Release */ = {
			isa = XCBuildConfiguration;
			buildSettings = {
				ALWAYS_SEARCH_USER_PATHS = NO;
				ASSETCATALOG_COMPILER_GENERATE_SWIFT_ASSET_SYMBOL_EXTENSIONS = YES;
				CLANG_ANALYZER_NONNULL = YES;
				CLANG_ANALYZER_NUMBER_OBJECT_CONVERSION = YES_AGGRESSIVE;
				CLANG_CXX_LANGUAGE_STANDARD = "gnu++20";
				CLANG_ENABLE_MODULES = YES;
				CLANG_ENABLE_OBJC_ARC = YES;
				CLANG_ENABLE_OBJC_WEAK = YES;
				CLANG_WARN_BLOCK_CAPTURE_AUTORELEASING = YES;
				CLANG_WARN_BOOL_CONVERSION = YES;
				CLANG_WARN_COMMA = YES;
				CLANG_WARN_CONSTANT_CONVERSION = YES;
				CLANG_WARN_DEPRECATED_OBJC_IMPLEMENTATIONS = YES;
				CLANG_WARN_DIRECT_OBJC_ISA_USAGE = YES_ERROR;
				CLANG_WARN_DOCUMENTATION_COMMENTS = YES;
				CLANG_WARN_EMPTY_BODY = YES;
				CLANG_WARN_ENUM_CONVERSION = YES;
				CLANG_WARN_INFINITE_RECURSION = YES;
				CLANG_WARN_INT_CONVERSION = YES;
				CLANG_WARN_NON_LITERAL_NULL_CONVERSION = YES;
				CLANG_WARN_OBJC_IMPLICIT_RETAIN_SELF = YES;
				CLANG_WARN_OBJC_LITERAL_CONVERSION = YES;
				CLANG_WARN_OBJC_ROOT_CLASS = YES_ERROR;
				CLANG_WARN_QUOTED_INCLUDE_IN_FRAMEWORK_HEADER = YES;
				CLANG_WARN_RANGE_LOOP_ANALYSIS = YES;
				CLANG_WARN_STRICT_PROTOTYPES = YES;
				CLANG_WARN_SUSPICIOUS_MOVE = YES;
				CLANG_WARN_UNGUARDED_AVAILABILITY = YES_AGGRESSIVE;
				CLANG_WARN_UNREACHABLE_CODE = YES;
				CLANG_WARN__DUPLICATE_METHOD_MATCH = YES;
				COPY_PHASE_STRIP = NO;
				CURRENT_PROJECT_VERSION = 1;
				DEBUG_INFORMATION_FORMAT = "dwarf-with-dsym";
				ENABLE_NS_ASSERTIONS = NO;
				ENABLE_STRICT_OBJC_MSGSEND = YES;
				ENABLE_USER_SCRIPT_SANDBOXING = YES;
				GCC_C_LANGUAGE_STANDARD = gnu17;
				GCC_NO_COMMON_BLOCKS = YES;
				GCC_WARN_64_TO_32_BIT_CONVERSION = YES;
				GCC_WARN_ABOUT_RETURN_TYPE = YES_ERROR;
				GCC_WARN_UNDECLARED_SELECTOR = YES;
				GCC_WARN_UNINITIALIZED_AUTOS = YES_AGGRESSIVE;
				GCC_WARN_UNUSED_FUNCTION = YES;
				GCC_WARN_UNUSED_VARIABLE = YES;
				IPHONEOS_DEPLOYMENT_TARGET = 17.0;
				LOCALIZATION_PREFERS_STRING_CATALOGS = YES;
				MTL_ENABLE_DEBUG_INFO = NO;
				MTL_FAST_MATH = YES;
				SDKROOT = iphoneos;
				SWIFT_COMPILATION_MODE = wholemodule;
				VALIDATE_PRODUCT = YES;
				VERSIONING_SYSTEM = "apple-generic";
				VERSION_INFO_PREFIX = "";
			};
			name = Release;
		};
		DD66C0152AF3D4510004A84F /* Debug */ = {
			isa = XCBuildConfiguration;
			baseConfigurationReference = 5C30D35F3FFA2B8C21F0CDD6 /* Pods-IoTConnect2.debug.xcconfig */;
			buildSettings = {
				CODE_SIGN_STYLE = Automatic;
				CURRENT_PROJECT_VERSION = 1;
				DEFINES_MODULE = YES;
				DYLIB_COMPATIBILITY_VERSION = 1;
				DYLIB_CURRENT_VERSION = 1;
				DYLIB_INSTALL_NAME_BASE = "@rpath";
				ENABLE_MODULE_VERIFIER = YES;
				GENERATE_INFOPLIST_FILE = YES;
				INFOPLIST_KEY_NSHumanReadableCopyright = "";
				INSTALL_PATH = "$(LOCAL_LIBRARY_DIR)/Frameworks";
				IPHONEOS_DEPLOYMENT_TARGET = 13.0;
				LD_RUNPATH_SEARCH_PATHS = (
					"$(inherited)",
					"@executable_path/Frameworks",
					"@loader_path/Frameworks",
				);
				MARKETING_VERSION = 1.0;
				MODULE_VERIFIER_SUPPORTED_LANGUAGES = "objective-c objective-c++";
				MODULE_VERIFIER_SUPPORTED_LANGUAGE_STANDARDS = "gnu17 gnu++20";
				PRODUCT_BUNDLE_IDENTIFIER = PS.IoTConnect2;
				PRODUCT_NAME = "$(TARGET_NAME:c99extidentifier)";
				SKIP_INSTALL = YES;
				SWIFT_EMIT_LOC_STRINGS = YES;
				SWIFT_VERSION = 5.0;
				TARGETED_DEVICE_FAMILY = "1,2";
			};
			name = Debug;
		};
		DD66C0162AF3D4510004A84F /* Release */ = {
			isa = XCBuildConfiguration;
			baseConfigurationReference = D111443E776AE52362845070 /* Pods-IoTConnect2.release.xcconfig */;
			buildSettings = {
				CODE_SIGN_STYLE = Automatic;
				CURRENT_PROJECT_VERSION = 1;
				DEFINES_MODULE = YES;
				DYLIB_COMPATIBILITY_VERSION = 1;
				DYLIB_CURRENT_VERSION = 1;
				DYLIB_INSTALL_NAME_BASE = "@rpath";
				ENABLE_MODULE_VERIFIER = YES;
				GENERATE_INFOPLIST_FILE = YES;
				INFOPLIST_KEY_NSHumanReadableCopyright = "";
				INSTALL_PATH = "$(LOCAL_LIBRARY_DIR)/Frameworks";
				IPHONEOS_DEPLOYMENT_TARGET = 13.0;
				LD_RUNPATH_SEARCH_PATHS = (
					"$(inherited)",
					"@executable_path/Frameworks",
					"@loader_path/Frameworks",
				);
				MARKETING_VERSION = 1.0;
				MODULE_VERIFIER_SUPPORTED_LANGUAGES = "objective-c objective-c++";
				MODULE_VERIFIER_SUPPORTED_LANGUAGE_STANDARDS = "gnu17 gnu++20";
				PRODUCT_BUNDLE_IDENTIFIER = PS.IoTConnect2;
				PRODUCT_NAME = "$(TARGET_NAME:c99extidentifier)";
				SKIP_INSTALL = YES;
				SWIFT_EMIT_LOC_STRINGS = YES;
				SWIFT_VERSION = 5.0;
				TARGETED_DEVICE_FAMILY = "1,2";
			};
			name = Release;
		};
/* End XCBuildConfiguration section */

/* Begin XCConfigurationList section */
		DD66C0072AF3D4510004A84F /* Build configuration list for PBXProject "IoTConnect2" */ = {
			isa = XCConfigurationList;
			buildConfigurations = (
				DD66C0122AF3D4510004A84F /* Debug */,
				DD66C0132AF3D4510004A84F /* Release */,
			);
			defaultConfigurationIsVisible = 0;
			defaultConfigurationName = Release;
		};
		DD66C0142AF3D4510004A84F /* Build configuration list for PBXNativeTarget "IoTConnect2" */ = {
			isa = XCConfigurationList;
			buildConfigurations = (
				DD66C0152AF3D4510004A84F /* Debug */,
				DD66C0162AF3D4510004A84F /* Release */,
			);
			defaultConfigurationIsVisible = 0;
			defaultConfigurationName = Release;
		};
/* End XCConfigurationList section */
	};
	rootObject = DD66C0042AF3D4510004A84F /* Project object */;
}
