PODS:
  - CocoaMQTT (2.1.8):
    - CocoaMQTT/Core (= 2.1.8)
  - CocoaMQTT/Core (2.1.8):
    - MqttCocoaAsyncSocket (~> 1.0.8)
  - MqttCocoaAsyncSocket (1.0.8)

DEPENDENCIES:
  - CocoaMQTT (from `https://github.com/emqx/CocoaMQTT.git`, tag `2.1.8`)

SPEC REPOS:
  trunk:
    - MqttCocoaAsyncSocket

EXTERNAL SOURCES:
  CocoaMQTT:
    :git: https://github.com/emqx/CocoaMQTT.git
    :tag: 2.1.8

CHECKOUT OPTIONS:
  CocoaMQTT:
    :git: https://github.com/emqx/CocoaMQTT.git
    :tag: 2.1.8

SPEC CHECKSUMS:
  CocoaMQTT: 24ff78bee36fd4fc7874acb40aee608980b17f18
  MqttCocoaAsyncSocket: 77d3b74f76228dd5a05d1f9526eab101d415b30c

PODFILE CHECKSUM: cd8e74106b92fadfded75b1774031f3fedaa4cc7

COCOAPODS: 1.13.0
